{
  "nodes": {
    "nixpkgs": {
      "locked": {
        "lastModified": 1759441831,
        "narHash": "sha256-1yCvOeEMQX/0WqpVtxtKFI2rlfq9W/bxOTGJtRuQv7g=",
        "rev": "7df7ff7d8e00218376575f0acdcc5d66741351ee",
        "type": "tarball",
        "url": "https://releases.nixos.org/nixos/unstable/nixos-25.11pre870157.7df7ff7d8e00/nixexprs.tar.xz"
      },
      "original": {
        "type": "tarball",
        "url": "https://channels.nixos.org/nixos-unstable/nixexprs.tar.xz"
      }
    },
    "root": {
      "inputs": {
        "nixpkgs": "nixpkgs"
      }
    }
  },
  "root": "root",
  "version": 7
}
