{
  "nodes": {
    "nixpkgs": {
      "locked": {
        "lastModified": 1760573772,
        "narHash": "sha256-RoIm6fgfvnkNQldHrbBhtAaFyiWJV5KF4D0dI41Fr90=",
        "rev": "544961dfcce86422ba200ed9a0b00dd4b1486ec5",
        "type": "tarball",
        "url": "https://releases.nixos.org/nixos/unstable/nixos-25.11pre878042.544961dfcce8/nixexprs.tar.xz"
      },
      "original": {
        "type": "tarball",
        "url": "https://channels.nixos.org/nixos-unstable/nixexprs.tar.xz"
      }
    },
    "root": {
      "inputs": {
        "nixpkgs": "nixpkgs"
      }
    }
  },
  "root": "root",
  "version": 7
}
